
Microsoft Visual Studio Solution File, Format Version 12.00
# Visual Studio Version 17
VisualStudioVersion = 17.14.36518.9
MinimumVisualStudioVersion = 10.0.40219.1
Project("{FAE04EC0-301F-11D3-BF4B-00C04F79EFBC}") = "UmbracoCMS", "UmbracoCMS\UmbracoCMS.csproj", "{FD919587-5793-4AFD-9C7F-5A4DC769907A}"
EndProject
Global
	GlobalSection(SolutionConfigurationPlatforms) = preSolution
		Debug|Any CPU = Debug|Any CPU
		Release|Any CPU = Release|Any CPU
	EndGlobalSection
	GlobalSection(ProjectConfigurationPlatforms) = postSolution
		{FD919587-5793-4AFD-9C7F-5A4DC769907A}.Debug|Any CPU.ActiveCfg = Debug|Any CPU
		{FD919587-5793-4AFD-9C7F-5A4DC769907A}.Debug|Any CPU.Build.0 = Debug|Any CPU
		{FD919587-5793-4AFD-9C7F-5A4DC769907A}.Release|Any CPU.ActiveCfg = Release|Any CPU
		{FD919587-5793-4AFD-9C7F-5A4DC769907A}.Release|Any CPU.Build.0 = Release|Any CPU
	EndGlobalSection
	GlobalSection(SolutionProperties) = preSolution
		HideSolutionNode = FALSE
	EndGlobalSection
	GlobalSection(ExtensibilityGlobals) = postSolution
		SolutionGuid = {0F870E21-964E-4833-B87B-049D74CBD164}
	EndGlobalSection
EndGlobal
